Microsoft Visual Studio Solution File, Format Version 12.00
# Visual Studio 2012
Project("{FAE04EC0-301F-11D3-BF4B-00C04F79EFBC}") = "Heroica Client", "Heroica Client.csproj", "{060BE806-1B2F-49F3-B85A-2C2A1D31295E}"
EndProject
Global
	GlobalSection(SolutionConfigurationPlatforms) = preSolution
	Debug|Any CPU = Debug|Any CPU
	Release|Any CPU = Release|Any CPU
	Tools|Any CPU = Tools|Any CPU
	EndGlobalSection
	GlobalSection(ProjectConfigurationPlatforms) = postSolution
		{060BE806-1B2F-49F3-B85A-2C2A1D31295E}.Debug|Any CPU.ActiveCfg = Debug|Any CPU
		{060BE806-1B2F-49F3-B85A-2C2A1D31295E}.Debug|Any CPU.Build.0 = Debug|Any CPU
		{060BE806-1B2F-49F3-B85A-2C2A1D31295E}.Release|Any CPU.ActiveCfg = Release|Any CPU
		{060BE806-1B2F-49F3-B85A-2C2A1D31295E}.Release|Any CPU.Build.0 = Release|Any CPU
		{060BE806-1B2F-49F3-B85A-2C2A1D31295E}.Tools|Any CPU.ActiveCfg = Tools|Any CPU
		{060BE806-1B2F-49F3-B85A-2C2A1D31295E}.Tools|Any CPU.Build.0 = Tools|Any CPU
	EndGlobalSection
EndGlobal
